# This file is autogenerated, do not edit; changes may be undone by the next 'dep ensure'.


[[projects]]
  name = "github.com/oschwald/geoip2-golang"
  packages = ["."]
  revision = "496a3cbcb65a3cb54497fe4ae2273319e85160a4"
  version = "v1.0.0"

[[projects]]
  name = "github.com/oschwald/maxminddb-golang"
  packages = ["."]
  revision = "4cf6490e82edd288b91d6a786d85dab042015e24"
  version = "v1.1.0"

[[projects]]
  name = "github.com/tcnksm/go-httpstat"
  packages = ["."]
  revision = "fae40520f4ba0a112874d1f0deb9498ebb2198cb"

[[projects]]
  name = "github.com/yanc0/beeping"
  packages = ["sslcheck"]
  revision = "964570feba06594fc570ec4e08bfffe20f5ca805"
  version = "v0.5.0"

[[projects]]
  branch = "master"
  name = "golang.org/x/sys"
  packages = ["unix","windows"]
  revision = "f3918c30c5c2cb527c0b071a27c35120a6c0719a"

[solve-meta]
  analyzer-name = "dep"
  analyzer-version = 1
  inputs-digest = "c2420b8e195d681f876e58304a699cc47c4ff446fbae426f42272180f4b8d933"
  solver-name = "gps-cdcl"
  solver-version = 1
